
Microsoft Visual Studio Solution File, Format Version 12.00
# Visual Studio Version 16
VisualStudioVersion = 16.0.30804.86
MinimumVisualStudioVersion = 10.0.40219.1
Project("{9A19103F-16F7-4668-BE54-9A1E7A4F7556}") = "deppTest", "deppTest\deppTest.csproj", "{6AB9DB24-81E3-4BB1-A11F-7DFFBEA3A927}"
EndProject
Project("{8BC9CEB8-8B4A-11D0-8D11-00A0C91BC942}") = "DeppExport", "DeppExport\DeppExport.vcxproj", "{3906BD1F-C98B-48F3-9A0A-83F70D423512}"
EndProject
Global
	GlobalSection(SolutionConfigurationPlatforms) = preSolution
		Debug|Any CPU = Debug|Any CPU
		Debug|x64 = Debug|x64
		Debug|x86 = Debug|x86
		Release|Any CPU = Release|Any CPU
		Release|x64 = Release|x64
		Release|x86 = Release|x86
	EndGlobalSection
	GlobalSection(ProjectConfigurationPlatforms) = postSolution
		{6AB9DB24-81E3-4BB1-A11F-7DFFBEA3A927}.Debug|Any CPU.ActiveCfg = Debug|Any CPU
		{6AB9DB24-81E3-4BB1-A11F-7DFFBEA3A927}.Debug|Any CPU.Build.0 = Debug|Any CPU
		{6AB9DB24-81E3-4BB1-A11F-7DFFBEA3A927}.Debug|x64.ActiveCfg = Debug|Any CPU
		{6AB9DB24-81E3-4BB1-A11F-7DFFBEA3A927}.Debug|x64.Build.0 = Debug|Any CPU
		{6AB9DB24-81E3-4BB1-A11F-7DFFBEA3A927}.Debug|x86.ActiveCfg = Debug|Any CPU
		{6AB9DB24-81E3-4BB1-A11F-7DFFBEA3A927}.Debug|x86.Build.0 = Debug|Any CPU
		{6AB9DB24-81E3-4BB1-A11F-7DFFBEA3A927}.Release|Any CPU.ActiveCfg = Release|Any CPU
		{6AB9DB24-81E3-4BB1-A11F-7DFFBEA3A927}.Release|Any CPU.Build.0 = Release|Any CPU
		{6AB9DB24-81E3-4BB1-A11F-7DFFBEA3A927}.Release|x64.ActiveCfg = Release|Any CPU
		{6AB9DB24-81E3-4BB1-A11F-7DFFBEA3A927}.Release|x64.Build.0 = Release|Any CPU
		{6AB9DB24-81E3-4BB1-A11F-7DFFBEA3A927}.Release|x86.ActiveCfg = Release|Any CPU
		{6AB9DB24-81E3-4BB1-A11F-7DFFBEA3A927}.Release|x86.Build.0 = Release|Any CPU
		{3906BD1F-C98B-48F3-9A0A-83F70D423512}.Debug|Any CPU.ActiveCfg = Debug|Win32
		{3906BD1F-C98B-48F3-9A0A-83F70D423512}.Debug|x64.ActiveCfg = Debug|x64
		{3906BD1F-C98B-48F3-9A0A-83F70D423512}.Debug|x64.Build.0 = Debug|x64
		{3906BD1F-C98B-48F3-9A0A-83F70D423512}.Debug|x86.ActiveCfg = Debug|Win32
		{3906BD1F-C98B-48F3-9A0A-83F70D423512}.Debug|x86.Build.0 = Debug|Win32
		{3906BD1F-C98B-48F3-9A0A-83F70D423512}.Release|Any CPU.ActiveCfg = Release|Win32
		{3906BD1F-C98B-48F3-9A0A-83F70D423512}.Release|x64.ActiveCfg = Release|x64
		{3906BD1F-C98B-48F3-9A0A-83F70D423512}.Release|x64.Build.0 = Release|x64
		{3906BD1F-C98B-48F3-9A0A-83F70D423512}.Release|x86.ActiveCfg = Release|Win32
		{3906BD1F-C98B-48F3-9A0A-83F70D423512}.Release|x86.Build.0 = Release|Win32
	EndGlobalSection
	GlobalSection(SolutionProperties) = preSolution
		HideSolutionNode = FALSE
	EndGlobalSection
	GlobalSection(ExtensibilityGlobals) = postSolution
		SolutionGuid = {116F84EE-444D-4671-90FC-165513C4D3BB}
	EndGlobalSection
EndGlobal
